// !$*UTF8*$!
{
	archiveVersion = 1;
	classes = {
	};
	objectVersion = 56;
	objects = {

/* Begin PBXBuildFile section */
		3C9BACF72972B10900B4CD1A /* ModesExtractor.swift in Sources */ = {isa = PBXBuildFile; fileRef = 3C9BACD42972AF9900B4CD1A /* ModesExtractor.swift */; };
		3C9BACF82972B10900B4CD1A /* BackgroundColor.swift in Sources */ = {isa = PBXBuildFile; fileRef = 3C9BACD52972AF9900B4CD1A /* BackgroundColor.swift */; };
		3C9BACF92972B10900B4CD1A /* ColorApproximation.swift in Sources */ = {isa = PBXBuildFile; fileRef = 3C9BACD62972AF9900B4CD1A /* ColorApproximation.swift */; };
		3C9BACFA2972B10900B4CD1A /* ControlCode.swift in Sources */ = {isa = PBXBuildFile; fileRef = 3C9BACD72972AF9900B4CD1A /* ControlCode.swift */; };
		3C9BACFB2972B10900B4CD1A /* StringGenerator.swift in Sources */ = {isa = PBXBuildFile; fileRef = 3C9BACD82972AF9900B4CD1A /* StringGenerator.swift */; };
		3C9BACFC2972B10900B4CD1A /* Rainbow.swift in Sources */ = {isa = PBXBuildFile; fileRef = 3C9BACD92972AF9900B4CD1A /* Rainbow.swift */; };
		3C9BACFD2972B10900B4CD1A /* OutputTarget.swift in Sources */ = {isa = PBXBuildFile; fileRef = 3C9BACDA2972AF9900B4CD1A /* OutputTarget.swift */; };
		3C9BACFE2972B10900B4CD1A /* Style.swift in Sources */ = {isa = PBXBuildFile; fileRef = 3C9BACDB2972AF9900B4CD1A /* Style.swift */; };
		3C9BACFF2972B10A00B4CD1A /* String+Rainbow.swift in Sources */ = {isa = PBXBuildFile; fileRef = 3C9BACDC2972AF9900B4CD1A /* String+Rainbow.swift */; };
		3C9BAD002972B10A00B4CD1A /* CodesParse.swift in Sources */ = {isa = PBXBuildFile; fileRef = 3C9BACDD2972AF9900B4CD1A /* CodesParse.swift */; };
		3C9BAD012972B10A00B4CD1A /* Color.swift in Sources */ = {isa = PBXBuildFile; fileRef = 3C9BACDE2972AF9900B4CD1A /* Color.swift */; };
		3C9BAD0A2972B16000B4CD1A /* Rainbow_iOS_.framework in Frameworks */ = {isa = PBXBuildFile; fileRef = 3C9BACF02972B06800B4CD1A /* Rainbow_iOS_.framework */; };
/* End PBXBuildFile section */

/* Begin PBXContainerItemProxy section */
		3C9BAD0B2972B16000B4CD1A /* PBXContainerItemProxy */ = {
			isa = PBXContainerItemProxy;
			containerPortal = 3C9BACC92972AF4800B4CD1A /* Project object */;
			proxyType = 1;
			remoteGlobalIDString = 3C9BACEF2972B06800B4CD1A;
			remoteInfo = "Rainbow(iOS)";
		};
/* End PBXContainerItemProxy section */

/* Begin PBXFileReference section */
		3C9BACD12972AF9900B4CD1A /* RainbowTests.swift */ = {isa = PBXFileReference; lastKnownFileType = sourcecode.swift; path = RainbowTests.swift; sourceTree = "<group>"; };
		3C9BACD42972AF9900B4CD1A /* ModesExtractor.swift */ = {isa = PBXFileReference; lastKnownFileType = sourcecode.swift; path = ModesExtractor.swift; sourceTree = "<group>"; };
		3C9BACD52972AF9900B4CD1A /* BackgroundColor.swift */ = {isa = PBXFileReference; lastKnownFileType = sourcecode.swift; path = BackgroundColor.swift; sourceTree = "<group>"; };
		3C9BACD62972AF9900B4CD1A /* ColorApproximation.swift */ = {isa = PBXFileReference; lastKnownFileType = sourcecode.swift; path = ColorApproximation.swift; sourceTree = "<group>"; };
		3C9BACD72972AF9900B4CD1A /* ControlCode.swift */ = {isa = PBXFileReference; lastKnownFileType = sourcecode.swift; path = ControlCode.swift; sourceTree = "<group>"; };
		3C9BACD82972AF9900B4CD1A /* StringGenerator.swift */ = {isa = PBXFileReference; lastKnownFileType = sourcecode.swift; path = StringGenerator.swift; sourceTree = "<group>"; };
		3C9BACD92972AF9900B4CD1A /* Rainbow.swift */ = {isa = PBXFileReference; lastKnownFileType = sourcecode.swift; path = Rainbow.swift; sourceTree = "<group>"; };
		3C9BACDA2972AF9900B4CD1A /* OutputTarget.swift */ = {isa = PBXFileReference; lastKnownFileType = sourcecode.swift; path = OutputTarget.swift; sourceTree = "<group>"; };
		3C9BACDB2972AF9900B4CD1A /* Style.swift */ = {isa = PBXFileReference; lastKnownFileType = sourcecode.swift; path = Style.swift; sourceTree = "<group>"; };
		3C9BACDC2972AF9900B4CD1A /* String+Rainbow.swift */ = {isa = PBXFileReference; lastKnownFileType = sourcecode.swift; path = "String+Rainbow.swift"; sourceTree = "<group>"; };
		3C9BACDD2972AF9900B4CD1A /* CodesParse.swift */ = {isa = PBXFileReference; lastKnownFileType = sourcecode.swift; path = CodesParse.swift; sourceTree = "<group>"; };
		3C9BACDE2972AF9900B4CD1A /* Color.swift */ = {isa = PBXFileReference; lastKnownFileType = sourcecode.swift; path = Color.swift; sourceTree = "<group>"; };
		3C9BACF02972B06800B4CD1A /* Rainbow_iOS_.framework */ = {isa = PBXFileReference; explicitFileType = wrapper.framework; includeInIndex = 0; path = Rainbow_iOS_.framework; sourceTree = BUILT_PRODUCTS_DIR; };
		3C9BAD062972B16000B4CD1A /* RainbowTests.xctest */ = {isa = PBXFileReference; explicitFileType = wrapper.cfbundle; includeInIndex = 0; path = RainbowTests.xctest; sourceTree = BUILT_PRODUCTS_DIR; };
/* End PBXFileReference section */

/* Begin PBXFrameworksBuildPhase section */
		3C9BACED2972B06800B4CD1A /* Frameworks */ = {
			isa = PBXFrameworksBuildPhase;
			buildActionMask = 2147483647;
			files = (
			);
			runOnlyForDeploymentPostprocessing = 0;
		};
		3C9BAD032972B16000B4CD1A /* Frameworks */ = {
			isa = PBXFrameworksBuildPhase;
			buildActionMask = 2147483647;
			files = (
				3C9BAD0A2972B16000B4CD1A /* Rainbow_iOS_.framework in Frameworks */,
			);
			runOnlyForDeploymentPostprocessing = 0;
		};
/* End PBXFrameworksBuildPhase section */

/* Begin PBXGroup section */
		3C9BACC82972AF4800B4CD1A = {
			isa = PBXGroup;
			children = (
				3C9BACD22972AF9900B4CD1A /* Sources */,
				3C9BACCF2972AF9900B4CD1A /* Tests */,
				3C9BACE42972AFF800B4CD1A /* Products */,
			);
			sourceTree = "<group>";
		};
		3C9BACCF2972AF9900B4CD1A /* Tests */ = {
			isa = PBXGroup;
			children = (
				3C9BACD02972AF9900B4CD1A /* RainbowTests */,
			);
			path = Tests;
			sourceTree = "<group>";
		};
		3C9BACD02972AF9900B4CD1A /* RainbowTests */ = {
			isa = PBXGroup;
			children = (
				3C9BACD12972AF9900B4CD1A /* RainbowTests.swift */,
			);
			path = RainbowTests;
			sourceTree = "<group>";
		};
		3C9BACD22972AF9900B4CD1A /* Sources */ = {
			isa = PBXGroup;
			children = (
				3C9BACD32972AF9900B4CD1A /* Rainbow */,
			);
			path = Sources;
			sourceTree = "<group>";
		};
		3C9BACD32972AF9900B4CD1A /* Rainbow */ = {
			isa = PBXGroup;
			children = (
				3C9BACD42972AF9900B4CD1A /* ModesExtractor.swift */,
				3C9BACD52972AF9900B4CD1A /* BackgroundColor.swift */,
				3C9BACD62972AF9900B4CD1A /* ColorApproximation.swift */,
				3C9BACD72972AF9900B4CD1A /* ControlCode.swift */,
				3C9BACD82972AF9900B4CD1A /* StringGenerator.swift */,
				3C9BACD92972AF9900B4CD1A /* Rainbow.swift */,
				3C9BACDA2972AF9900B4CD1A /* OutputTarget.swift */,
				3C9BACDB2972AF9900B4CD1A /* Style.swift */,
				3C9BACDC2972AF9900B4CD1A /* String+Rainbow.swift */,
				3C9BACDD2972AF9900B4CD1A /* CodesParse.swift */,
				3C9BACDE2972AF9900B4CD1A /* Color.swift */,
			);
			path = Rainbow;
			sourceTree = "<group>";
		};
		3C9BACE42972AFF800B4CD1A /* Products */ = {
			isa = PBXGroup;
			children = (
				3C9BACF02972B06800B4CD1A /* Rainbow_iOS_.framework */,
				3C9BAD062972B16000B4CD1A /* RainbowTests.xctest */,
			);
			name = Products;
			sourceTree = "<group>";
		};
/* End PBXGroup section */

/* Begin PBXHeadersBuildPhase section */
		3C9BACEB2972B06800B4CD1A /* Headers */ = {
			isa = PBXHeadersBuildPhase;
			buildActionMask = 2147483647;
			files = (
			);
			runOnlyForDeploymentPostprocessing = 0;
		};
/* End PBXHeadersBuildPhase section */

/* Begin PBXNativeTarget section */
		3C9BACEF2972B06800B4CD1A /* Rainbow(iOS) */ = {
			isa = PBXNativeTarget;
			buildConfigurationList = 3C9BACF42972B06800B4CD1A /* Build configuration list for PBXNativeTarget "Rainbow(iOS)" */;
			buildPhases = (
				3C9BACEB2972B06800B4CD1A /* Headers */,
				3C9BACEC2972B06800B4CD1A /* Sources */,
				3C9BACED2972B06800B4CD1A /* Frameworks */,
				3C9BACEE2972B06800B4CD1A /* Resources */,
			);
			buildRules = (
			);
			dependencies = (
			);
			name = "Rainbow(iOS)";
			productName = "Rainbow(iOS)";
			productReference = 3C9BACF02972B06800B4CD1A /* Rainbow_iOS_.framework */;
			productType = "com.apple.product-type.framework";
		};
		3C9BAD052972B16000B4CD1A /* RainbowTests */ = {
			isa = PBXNativeTarget;
			buildConfigurationList = 3C9BAD0D2972B16000B4CD1A /* Build configuration list for PBXNativeTarget "RainbowTests" */;
			buildPhases = (
				3C9BAD022972B16000B4CD1A /* Sources */,
				3C9BAD032972B16000B4CD1A /* Frameworks */,
				3C9BAD042972B16000B4CD1A /* Resources */,
			);
			buildRules = (
			);
			dependencies = (
				3C9BAD0C2972B16000B4CD1A /* PBXTargetDependency */,
			);
			name = RainbowTests;
			productName = RainbowTests;
			productReference = 3C9BAD062972B16000B4CD1A /* RainbowTests.xctest */;
			productType = "com.apple.product-type.bundle.unit-test";
		};
/* End PBXNativeTarget section */

/* Begin PBXProject section */
		3C9BACC92972AF4800B4CD1A /* Project object */ = {
			isa = PBXProject;
			attributes = {
				BuildIndependentTargetsInParallel = 1;
				LastSwiftUpdateCheck = 1420;
				LastUpgradeCheck = 1420;
				TargetAttributes = {
					3C9BACEF2972B06800B4CD1A = {
						CreatedOnToolsVersion = 14.2;
					};
					3C9BAD052972B16000B4CD1A = {
						CreatedOnToolsVersion = 14.2;
					};
				};
			};
			buildConfigurationList = 3C9BACCC2972AF4800B4CD1A /* Build configuration list for PBXProject "Rainbow" */;
			compatibilityVersion = "Xcode 14.0";
			developmentRegion = en;
			hasScannedForEncodings = 0;
			knownRegions = (
				en,
				Base,
			);
			mainGroup = 3C9BACC82972AF4800B4CD1A;
			productRefGroup = 3C9BACE42972AFF800B4CD1A /* Products */;
			projectDirPath = "";
			projectRoot = "";
			targets = (
				3C9BACEF2972B06800B4CD1A /* Rainbow(iOS) */,
				3C9BAD052972B16000B4CD1A /* RainbowTests */,
			);
		};
/* End PBXProject section */

/* Begin PBXResourcesBuildPhase section */
		3C9BACEE2972B06800B4CD1A /* Resources */ = {
			isa = PBXResourcesBuildPhase;
			buildActionMask = 2147483647;
			files = (
			);
			runOnlyForDeploymentPostprocessing = 0;
		};
		3C9BAD042972B16000B4CD1A /* Resources */ = {
			isa = PBXResourcesBuildPhase;
			buildActionMask = 2147483647;
			files = (
			);
			runOnlyForDeploymentPostprocessing = 0;
		};
/* End PBXResourcesBuildPhase section */

/* Begin PBXSourcesBuildPhase section */
		3C9BACEC2972B06800B4CD1A /* Sources */ = {
			isa = PBXSourcesBuildPhase;
			buildActionMask = 2147483647;
			files = (
				3C9BACF72972B10900B4CD1A /* ModesExtractor.swift in Sources */,
				3C9BACF82972B10900B4CD1A /* BackgroundColor.swift in Sources */,
				3C9BACF92972B10900B4CD1A /* ColorApproximation.swift in Sources */,
				3C9BACFA2972B10900B4CD1A /* ControlCode.swift in Sources */,
				3C9BACFB2972B10900B4CD1A /* StringGenerator.swift in Sources */,
				3C9BACFC2972B10900B4CD1A /* Rainbow.swift in Sources */,
				3C9BACFD2972B10900B4CD1A /* OutputTarget.swift in Sources */,
				3C9BACFE2972B10900B4CD1A /* Style.swift in Sources */,
				3C9BACFF2972B10A00B4CD1A /* String+Rainbow.swift in Sources */,
				3C9BAD002972B10A00B4CD1A /* CodesParse.swift in Sources */,
				3C9BAD012972B10A00B4CD1A /* Color.swift in Sources */,
			);
			runOnlyForDeploymentPostprocessing = 0;
		};
		3C9BAD022972B16000B4CD1A /* Sources */ = {
			isa = PBXSourcesBuildPhase;
			buildActionMask = 2147483647;
			files = (
			);
			runOnlyForDeploymentPostprocessing = 0;
		};
/* End PBXSourcesBuildPhase section */

/* Begin PBXTargetDependency section */
		3C9BAD0C2972B16000B4CD1A /* PBXTargetDependency */ = {
			isa = PBXTargetDependency;
			target = 3C9BACEF2972B06800B4CD1A /* Rainbow(iOS) */;
			targetProxy = 3C9BAD0B2972B16000B4CD1A /* PBXContainerItemProxy */;
		};
/* End PBXTargetDependency section */

/* Begin XCBuildConfiguration section */
		3C9BACCD2972AF4800B4CD1A /* Debug */ = {
			isa = XCBuildConfiguration;
			buildSettings = {
			};
			name = Debug;
		};
		3C9BACCE2972AF4800B4CD1A /* Release */ = {
			isa = XCBuildConfiguration;
			buildSettings = {
			};
			name = Release;
		};
		3C9BACF52972B06800B4CD1A /* Debug */ = {
			isa = XCBuildConfiguration;
			buildSettings = {
				ALWAYS_SEARCH_USER_PATHS = NO;
				CLANG_ANALYZER_NONNULL = YES;
				CLANG_ANALYZER_NUMBER_OBJECT_CONVERSION = YES_AGGRESSIVE;
				CLANG_CXX_LANGUAGE_STANDARD = "gnu++20";
				CLANG_ENABLE_MODULES = YES;
				CLANG_ENABLE_OBJC_ARC = YES;
				CLANG_ENABLE_OBJC_WEAK = YES;
				CLANG_WARN_BLOCK_CAPTURE_AUTORELEASING = YES;
				CLANG_WARN_BOOL_CONVERSION = YES;
				CLANG_WARN_COMMA = YES;
				CLANG_WARN_CONSTANT_CONVERSION = YES;
				CLANG_WARN_DEPRECATED_OBJC_IMPLEMENTATIONS = YES;
				CLANG_WARN_DIRECT_OBJC_ISA_USAGE = YES_ERROR;
				CLANG_WARN_DOCUMENTATION_COMMENTS = YES;
				CLANG_WARN_EMPTY_BODY = YES;
				CLANG_WARN_ENUM_CONVERSION = YES;
				CLANG_WARN_INFINITE_RECURSION = YES;
				CLANG_WARN_INT_CONVERSION = YES;
				CLANG_WARN_NON_LITERAL_NULL_CONVERSION = YES;
				CLANG_WARN_OBJC_IMPLICIT_RETAIN_SELF = YES;
				CLANG_WARN_OBJC_LITERAL_CONVERSION = YES;
				CLANG_WARN_OBJC_ROOT_CLASS = YES_ERROR;
				CLANG_WARN_QUOTED_INCLUDE_IN_FRAMEWORK_HEADER = YES;
				CLANG_WARN_RANGE_LOOP_ANALYSIS = YES;
				CLANG_WARN_STRICT_PROTOTYPES = YES;
				CLANG_WARN_SUSPICIOUS_MOVE = YES;
				CLANG_WARN_UNGUARDED_AVAILABILITY = YES_AGGRESSIVE;
				CLANG_WARN_UNREACHABLE_CODE = YES;
				CLANG_WARN__DUPLICATE_METHOD_MATCH = YES;
				CODE_SIGN_STYLE = Automatic;
				COPY_PHASE_STRIP = NO;
				CURRENT_PROJECT_VERSION = 1;
				DEBUG_INFORMATION_FORMAT = dwarf;
				DEFINES_MODULE = YES;
				DEVELOPMENT_TEAM = LG78Z8RY8F;
				DYLIB_COMPATIBILITY_VERSION = 1;
				DYLIB_CURRENT_VERSION = 1;
				DYLIB_INSTALL_NAME_BASE = "@rpath";
				ENABLE_STRICT_OBJC_MSGSEND = YES;
				ENABLE_TESTABILITY = YES;
				GCC_C_LANGUAGE_STANDARD = gnu11;
				GCC_DYNAMIC_NO_PIC = NO;
				GCC_NO_COMMON_BLOCKS = YES;
				GCC_OPTIMIZATION_LEVEL = 0;
				GCC_PREPROCESSOR_DEFINITIONS = (
					"DEBUG=1",
					"$(inherited)",
				);
				GCC_WARN_64_TO_32_BIT_CONVERSION = YES;
				GCC_WARN_ABOUT_RETURN_TYPE = YES_ERROR;
				GCC_WARN_UNDECLARED_SELECTOR = YES;
				GCC_WARN_UNINITIALIZED_AUTOS = YES_AGGRESSIVE;
				GCC_WARN_UNUSED_FUNCTION = YES;
				GCC_WARN_UNUSED_VARIABLE = YES;
				GENERATE_INFOPLIST_FILE = YES;
				INFOPLIST_KEY_NSHumanReadableCopyright = "";
				INSTALL_PATH = "$(LOCAL_LIBRARY_DIR)/Frameworks";
				IPHONEOS_DEPLOYMENT_TARGET = 11.0;
				LD_RUNPATH_SEARCH_PATHS = (
					"$(inherited)",
					"@executable_path/Frameworks",
					"@loader_path/Frameworks",
				);
				MARKETING_VERSION = 1.0;
				MTL_ENABLE_DEBUG_INFO = INCLUDE_SOURCE;
				MTL_FAST_MATH = YES;
				ONLY_ACTIVE_ARCH = YES;
				PRODUCT_BUNDLE_IDENTIFIER = com.tyrone.Rainbow.iOS;
				PRODUCT_NAME = "$(TARGET_NAME:c99extidentifier)";
				SDKROOT = iphoneos;
				SKIP_INSTALL = YES;
				SWIFT_ACTIVE_COMPILATION_CONDITIONS = DEBUG;
				SWIFT_EMIT_LOC_STRINGS = YES;
				SWIFT_OPTIMIZATION_LEVEL = "-Onone";
				SWIFT_VERSION = 5.0;
				TARGETED_DEVICE_FAMILY = "1,2";
				VERSIONING_SYSTEM = "apple-generic";
				VERSION_INFO_PREFIX = "";
			};
			name = Debug;
		};
		3C9BACF62972B06800B4CD1A /* Release */ = {
			isa = XCBuildConfiguration;
			buildSettings = {
				ALWAYS_SEARCH_USER_PATHS = NO;
				CLANG_ANALYZER_NONNULL = YES;
				CLANG_ANALYZER_NUMBER_OBJECT_CONVERSION = YES_AGGRESSIVE;
				CLANG_CXX_LANGUAGE_STANDARD = "gnu++20";
				CLANG_ENABLE_MODULES = YES;
				CLANG_ENABLE_OBJC_ARC = YES;
				CLANG_ENABLE_OBJC_WEAK = YES;
				CLANG_WARN_BLOCK_CAPTURE_AUTORELEASING = YES;
				CLANG_WARN_BOOL_CONVERSION = YES;
				CLANG_WARN_COMMA = YES;
				CLANG_WARN_CONSTANT_CONVERSION = YES;
				CLANG_WARN_DEPRECATED_OBJC_IMPLEMENTATIONS = YES;
				CLANG_WARN_DIRECT_OBJC_ISA_USAGE = YES_ERROR;
				CLANG_WARN_DOCUMENTATION_COMMENTS = YES;
				CLANG_WARN_EMPTY_BODY = YES;
				CLANG_WARN_ENUM_CONVERSION = YES;
				CLANG_WARN_INFINITE_RECURSION = YES;
				CLANG_WARN_INT_CONVERSION = YES;
				CLANG_WARN_NON_LITERAL_NULL_CONVERSION = YES;
				CLANG_WARN_OBJC_IMPLICIT_RETAIN_SELF = YES;
				CLANG_WARN_OBJC_LITERAL_CONVERSION = YES;
				CLANG_WARN_OBJC_ROOT_CLASS = YES_ERROR;
				CLANG_WARN_QUOTED_INCLUDE_IN_FRAMEWORK_HEADER = YES;
				CLANG_WARN_RANGE_LOOP_ANALYSIS = YES;
				CLANG_WARN_STRICT_PROTOTYPES = YES;
				CLANG_WARN_SUSPICIOUS_MOVE = YES;
				CLANG_WARN_UNGUARDED_AVAILABILITY = YES_AGGRESSIVE;
				CLANG_WARN_UNREACHABLE_CODE = YES;
				CLANG_WARN__DUPLICATE_METHOD_MATCH = YES;
				CODE_SIGN_STYLE = Automatic;
				COPY_PHASE_STRIP = NO;
				CURRENT_PROJECT_VERSION = 1;
				DEBUG_INFORMATION_FORMAT = "dwarf-with-dsym";
				DEFINES_MODULE = YES;
				DEVELOPMENT_TEAM = LG78Z8RY8F;
				DYLIB_COMPATIBILITY_VERSION = 1;
				DYLIB_CURRENT_VERSION = 1;
				DYLIB_INSTALL_NAME_BASE = "@rpath";
				ENABLE_NS_ASSERTIONS = NO;
				ENABLE_STRICT_OBJC_MSGSEND = YES;
				GCC_C_LANGUAGE_STANDARD = gnu11;
				GCC_NO_COMMON_BLOCKS = YES;
				GCC_WARN_64_TO_32_BIT_CONVERSION = YES;
				GCC_WARN_ABOUT_RETURN_TYPE = YES_ERROR;
				GCC_WARN_UNDECLARED_SELECTOR = YES;
				GCC_WARN_UNINITIALIZED_AUTOS = YES_AGGRESSIVE;
				GCC_WARN_UNUSED_FUNCTION = YES;
				GCC_WARN_UNUSED_VARIABLE = YES;
				GENERATE_INFOPLIST_FILE = YES;
				INFOPLIST_KEY_NSHumanReadableCopyright = "";
				INSTALL_PATH = "$(LOCAL_LIBRARY_DIR)/Frameworks";
				IPHONEOS_DEPLOYMENT_TARGET = 11.0;
				LD_RUNPATH_SEARCH_PATHS = (
					"$(inherited)",
					"@executable_path/Frameworks",
					"@loader_path/Frameworks",
				);
				MARKETING_VERSION = 1.0;
				MTL_ENABLE_DEBUG_INFO = NO;
				MTL_FAST_MATH = YES;
				PRODUCT_BUNDLE_IDENTIFIER = com.tyrone.Rainbow.iOS;
				PRODUCT_NAME = "$(TARGET_NAME:c99extidentifier)";
				SDKROOT = iphoneos;
				SKIP_INSTALL = YES;
				SWIFT_COMPILATION_MODE = wholemodule;
				SWIFT_EMIT_LOC_STRINGS = YES;
				SWIFT_OPTIMIZATION_LEVEL = "-O";
				SWIFT_VERSION = 5.0;
				TARGETED_DEVICE_FAMILY = "1,2";
				VALIDATE_PRODUCT = YES;
				VERSIONING_SYSTEM = "apple-generic";
				VERSION_INFO_PREFIX = "";
			};
			name = Release;
		};
		3C9BAD0E2972B16000B4CD1A /* Debug */ = {
			isa = XCBuildConfiguration;
			buildSettings = {
				ALWAYS_SEARCH_USER_PATHS = NO;
				CLANG_ANALYZER_NONNULL = YES;
				CLANG_ANALYZER_NUMBER_OBJECT_CONVERSION = YES_AGGRESSIVE;
				CLANG_CXX_LANGUAGE_STANDARD = "gnu++20";
				CLANG_ENABLE_MODULES = YES;
				CLANG_ENABLE_OBJC_ARC = YES;
				CLANG_ENABLE_OBJC_WEAK = YES;
				CLANG_WARN_BLOCK_CAPTURE_AUTORELEASING = YES;
				CLANG_WARN_BOOL_CONVERSION = YES;
				CLANG_WARN_COMMA = YES;
				CLANG_WARN_CONSTANT_CONVERSION = YES;
				CLANG_WARN_DEPRECATED_OBJC_IMPLEMENTATIONS = YES;
				CLANG_WARN_DIRECT_OBJC_ISA_USAGE = YES_ERROR;
				CLANG_WARN_DOCUMENTATION_COMMENTS = YES;
				CLANG_WARN_EMPTY_BODY = YES;
				CLANG_WARN_ENUM_CONVERSION = YES;
				CLANG_WARN_INFINITE_RECURSION = YES;
				CLANG_WARN_INT_CONVERSION = YES;
				CLANG_WARN_NON_LITERAL_NULL_CONVERSION = YES;
				CLANG_WARN_OBJC_IMPLICIT_RETAIN_SELF = YES;
				CLANG_WARN_OBJC_LITERAL_CONVERSION = YES;
				CLANG_WARN_OBJC_ROOT_CLASS = YES_ERROR;
				CLANG_WARN_QUOTED_INCLUDE_IN_FRAMEWORK_HEADER = YES;
				CLANG_WARN_RANGE_LOOP_ANALYSIS = YES;
				CLANG_WARN_STRICT_PROTOTYPES = YES;
				CLANG_WARN_SUSPICIOUS_MOVE = YES;
				CLANG_WARN_UNGUARDED_AVAILABILITY = YES_AGGRESSIVE;
				CLANG_WARN_UNREACHABLE_CODE = YES;
				CLANG_WARN__DUPLICATE_METHOD_MATCH = YES;
				CODE_SIGN_STYLE = Automatic;
				COPY_PHASE_STRIP = NO;
				CURRENT_PROJECT_VERSION = 1;
				DEBUG_INFORMATION_FORMAT = dwarf;
				DEVELOPMENT_TEAM = LG78Z8RY8F;
				ENABLE_STRICT_OBJC_MSGSEND = YES;
				ENABLE_TESTABILITY = YES;
				GCC_C_LANGUAGE_STANDARD = gnu11;
				GCC_DYNAMIC_NO_PIC = NO;
				GCC_NO_COMMON_BLOCKS = YES;
				GCC_OPTIMIZATION_LEVEL = 0;
				GCC_PREPROCESSOR_DEFINITIONS = (
					"DEBUG=1",
					"$(inherited)",
				);
				GCC_WARN_64_TO_32_BIT_CONVERSION = YES;
				GCC_WARN_ABOUT_RETURN_TYPE = YES_ERROR;
				GCC_WARN_UNDECLARED_SELECTOR = YES;
				GCC_WARN_UNINITIALIZED_AUTOS = YES_AGGRESSIVE;
				GCC_WARN_UNUSED_FUNCTION = YES;
				GCC_WARN_UNUSED_VARIABLE = YES;
				GENERATE_INFOPLIST_FILE = YES;
				IPHONEOS_DEPLOYMENT_TARGET = 16.2;
				MARKETING_VERSION = 1.0;
				MTL_ENABLE_DEBUG_INFO = INCLUDE_SOURCE;
				MTL_FAST_MATH = YES;
				ONLY_ACTIVE_ARCH = YES;
				PRODUCT_BUNDLE_IDENTIFIER = com.tyrone.RainbowTests;
				PRODUCT_NAME = "$(TARGET_NAME)";
				SDKROOT = iphoneos;
				SWIFT_ACTIVE_COMPILATION_CONDITIONS = DEBUG;
				SWIFT_EMIT_LOC_STRINGS = NO;
				SWIFT_OPTIMIZATION_LEVEL = "-Onone";
				SWIFT_VERSION = 5.0;
				TARGETED_DEVICE_FAMILY = "1,2";
			};
			name = Debug;
		};
		3C9BAD0F2972B16000B4CD1A /* Release */ = {
			isa = XCBuildConfiguration;
			buildSettings = {
				ALWAYS_SEARCH_USER_PATHS = NO;
				CLANG_ANALYZER_NONNULL = YES;
				CLANG_ANALYZER_NUMBER_OBJECT_CONVERSION = YES_AGGRESSIVE;
				CLANG_CXX_LANGUAGE_STANDARD = "gnu++20";
				CLANG_ENABLE_MODULES = YES;
				CLANG_ENABLE_OBJC_ARC = YES;
				CLANG_ENABLE_OBJC_WEAK = YES;
				CLANG_WARN_BLOCK_CAPTURE_AUTORELEASING = YES;
				CLANG_WARN_BOOL_CONVERSION = YES;
				CLANG_WARN_COMMA = YES;
				CLANG_WARN_CONSTANT_CONVERSION = YES;
				CLANG_WARN_DEPRECATED_OBJC_IMPLEMENTATIONS = YES;
				CLANG_WARN_DIRECT_OBJC_ISA_USAGE = YES_ERROR;
				CLANG_WARN_DOCUMENTATION_COMMENTS = YES;
				CLANG_WARN_EMPTY_BODY = YES;
				CLANG_WARN_ENUM_CONVERSION = YES;
				CLANG_WARN_INFINITE_RECURSION = YES;
				CLANG_WARN_INT_CONVERSION = YES;
				CLANG_WARN_NON_LITERAL_NULL_CONVERSION = YES;
				CLANG_WARN_OBJC_IMPLICIT_RETAIN_SELF = YES;
				CLANG_WARN_OBJC_LITERAL_CONVERSION = YES;
				CLANG_WARN_OBJC_ROOT_CLASS = YES_ERROR;
				CLANG_WARN_QUOTED_INCLUDE_IN_FRAMEWORK_HEADER = YES;
				CLANG_WARN_RANGE_LOOP_ANALYSIS = YES;
				CLANG_WARN_STRICT_PROTOTYPES = YES;
				CLANG_WARN_SUSPICIOUS_MOVE = YES;
				CLANG_WARN_UNGUARDED_AVAILABILITY = YES_AGGRESSIVE;
				CLANG_WARN_UNREACHABLE_CODE = YES;
				CLANG_WARN__DUPLICATE_METHOD_MATCH = YES;
				CODE_SIGN_STYLE = Automatic;
				COPY_PHASE_STRIP = NO;
				CURRENT_PROJECT_VERSION = 1;
				DEBUG_INFORMATION_FORMAT = "dwarf-with-dsym";
				DEVELOPMENT_TEAM = LG78Z8RY8F;
				ENABLE_NS_ASSERTIONS = NO;
				ENABLE_STRICT_OBJC_MSGSEND = YES;
				GCC_C_LANGUAGE_STANDARD = gnu11;
				GCC_NO_COMMON_BLOCKS = YES;
				GCC_WARN_64_TO_32_BIT_CONVERSION = YES;
				GCC_WARN_ABOUT_RETURN_TYPE = YES_ERROR;
				GCC_WARN_UNDECLARED_SELECTOR = YES;
				GCC_WARN_UNINITIALIZED_AUTOS = YES_AGGRESSIVE;
				GCC_WARN_UNUSED_FUNCTION = YES;
				GCC_WARN_UNUSED_VARIABLE = YES;
				GENERATE_INFOPLIST_FILE = YES;
				IPHONEOS_DEPLOYMENT_TARGET = 16.2;
				MARKETING_VERSION = 1.0;
				MTL_ENABLE_DEBUG_INFO = NO;
				MTL_FAST_MATH = YES;
				PRODUCT_BUNDLE_IDENTIFIER = com.tyrone.RainbowTests;
				PRODUCT_NAME = "$(TARGET_NAME)";
				SDKROOT = iphoneos;
				SWIFT_COMPILATION_MODE = wholemodule;
				SWIFT_EMIT_LOC_STRINGS = NO;
				SWIFT_OPTIMIZATION_LEVEL = "-O";
				SWIFT_VERSION = 5.0;
				TARGETED_DEVICE_FAMILY = "1,2";
				VALIDATE_PRODUCT = YES;
			};
			name = Release;
		};
/* End XCBuildConfiguration section */

/* Begin XCConfigurationList section */
		3C9BACCC2972AF4800B4CD1A /* Build configuration list for PBXProject "Rainbow" */ = {
			isa = XCConfigurationList;
			buildConfigurations = (
				3C9BACCD2972AF4800B4CD1A /* Debug */,
				3C9BACCE2972AF4800B4CD1A /* Release */,
			);
			defaultConfigurationIsVisible = 0;
			defaultConfigurationName = Release;
		};
		3C9BACF42972B06800B4CD1A /* Build configuration list for PBXNativeTarget "Rainbow(iOS)" */ = {
			isa = XCConfigurationList;
			buildConfigurations = (
				3C9BACF52972B06800B4CD1A /* Debug */,
				3C9BACF62972B06800B4CD1A /* Release */,
			);
			defaultConfigurationIsVisible = 0;
			defaultConfigurationName = Release;
		};
		3C9BAD0D2972B16000B4CD1A /* Build configuration list for PBXNativeTarget "RainbowTests" */ = {
			isa = XCConfigurationList;
			buildConfigurations = (
				3C9BAD0E2972B16000B4CD1A /* Debug */,
				3C9BAD0F2972B16000B4CD1A /* Release */,
			);
			defaultConfigurationIsVisible = 0;
			defaultConfigurationName = Release;
		};
/* End XCConfigurationList section */
	};
	rootObject = 3C9BACC92972AF4800B4CD1A /* Project object */;
}
